
Microsoft Visual Studio Solution File, Format Version 12.00
# Visual Studio Version 17
VisualStudioVersion = 17.9.34728.123
MinimumVisualStudioVersion = 10.0.40219.1
Project("{FAE04EC0-301F-11D3-BF4B-00C04F79EFBC}") = "ReportImoveis", "ReportImoveis.csproj", "{DDE51D44-DF22-4B35-A709-A22558CD483D}"
EndProject
Project("{2150E333-8FDC-42A3-9474-1A3956D46DE8}") = "Solution Items", "Solution Items", "{DEFC8406-BA66-4FA1-A74C-AE994110E7A1}"
EndProject
Global
	GlobalSection(SolutionConfigurationPlatforms) = preSolution
		Debug|Any CPU = Debug|Any CPU
		Release|Any CPU = Release|Any CPU
	EndGlobalSection
	GlobalSection(ProjectConfigurationPlatforms) = postSolution
		{DDE51D44-DF22-4B35-A709-A22558CD483D}.Debug|Any CPU.ActiveCfg = Debug|Any CPU
		{DDE51D44-DF22-4B35-A709-A22558CD483D}.Debug|Any CPU.Build.0 = Debug|Any CPU
		{DDE51D44-DF22-4B35-A709-A22558CD483D}.Release|Any CPU.ActiveCfg = Release|Any CPU
		{DDE51D44-DF22-4B35-A709-A22558CD483D}.Release|Any CPU.Build.0 = Release|Any CPU
	EndGlobalSection
	GlobalSection(SolutionProperties) = preSolution
		HideSolutionNode = FALSE
	EndGlobalSection
	GlobalSection(ExtensibilityGlobals) = postSolution
		SolutionGuid = {F9741728-0B4D-4C24-8604-90178B740FBF}
	EndGlobalSection
EndGlobal
